
Microsoft Visual Studio Solution File, Format Version 12.00
# Visual Studio Version 17
VisualStudioVersion = 17.10.35013.160
MinimumVisualStudioVersion = 10.0.40219.1
Project("{FAE04EC0-301F-11D3-BF4B-00C04F79EFBC}") = "Eureka-app", "Eureka-app.csproj", "{C2A8A8D5-E311-4C03-A146-0D44D29E541D}"
EndProject
Global
	GlobalSection(SolutionConfigurationPlatforms) = preSolution
		Debug|Any CPU = Debug|Any CPU
		Release|Any CPU = Release|Any CPU
	EndGlobalSection
	GlobalSection(ProjectConfigurationPlatforms) = postSolution
		{C2A8A8D5-E311-4C03-A146-0D44D29E541D}.Debug|Any CPU.ActiveCfg = Debug|Any CPU
		{C2A8A8D5-E311-4C03-A146-0D44D29E541D}.Debug|Any CPU.Build.0 = Debug|Any CPU
		{C2A8A8D5-E311-4C03-A146-0D44D29E541D}.Debug|Any CPU.Deploy.0 = Debug|Any CPU
		{C2A8A8D5-E311-4C03-A146-0D44D29E541D}.Release|Any CPU.ActiveCfg = Release|Any CPU
		{C2A8A8D5-E311-4C03-A146-0D44D29E541D}.Release|Any CPU.Build.0 = Release|Any CPU
		{C2A8A8D5-E311-4C03-A146-0D44D29E541D}.Release|Any CPU.Deploy.0 = Release|Any CPU
	EndGlobalSection
	GlobalSection(SolutionProperties) = preSolution
		HideSolutionNode = FALSE
	EndGlobalSection
	GlobalSection(ExtensibilityGlobals) = postSolution
		SolutionGuid = {8FC93D48-F579-433F-9F44-E28BF52A5575}
	EndGlobalSection
EndGlobal
